
Microsoft Visual Studio Solution File, Format Version 12.00
# Visual Studio Version 16
VisualStudioVersion = 16.0.31410.357
MinimumVisualStudioVersion = 10.0.40219.1
Project("{9A19103F-16F7-4668-BE54-9A1E7A4F7556}") = "InsuranceCompany", "InsuranceCompany.csproj", "{53C3AB83-8520-4475-9D56-7CFEFC57FDA0}"
EndProject
Project("{9A19103F-16F7-4668-BE54-9A1E7A4F7556}") = "DTO", "..\DTO\DTO.csproj", "{A6B85146-5410-46D5-A9EB-490D1E78E8E6}"
EndProject
Project("{9A19103F-16F7-4668-BE54-9A1E7A4F7556}") = "Data", "..\Data\Data.csproj", "{20985D89-DE74-4A7A-8775-74B863FFCBD6}"
EndProject
Project("{9A19103F-16F7-4668-BE54-9A1E7A4F7556}") = "Service", "..\Service\Service.csproj", "{8E7D199B-3A70-4225-9C1F-9B3071E6559E}"
	ProjectSection(ProjectDependencies) = postProject
		{5FB33653-4310-4628-8A1C-196B68037D75} = {5FB33653-4310-4628-8A1C-196B68037D75}
		{FCC4E784-9A05-47C1-B538-E0AB2E09EF12} = {FCC4E784-9A05-47C1-B538-E0AB2E09EF12}
	EndProjectSection
EndProject
Project("{9A19103F-16F7-4668-BE54-9A1E7A4F7556}") = "Common", "..\Common\Common.csproj", "{5FB33653-4310-4628-8A1C-196B68037D75}"
EndProject
Project("{9A19103F-16F7-4668-BE54-9A1E7A4F7556}") = "ENUM", "..\ENUM\ENUM.csproj", "{FCC4E784-9A05-47C1-B538-E0AB2E09EF12}"
EndProject
Global
	GlobalSection(SolutionConfigurationPlatforms) = preSolution
		Debug|Any CPU = Debug|Any CPU
		Release|Any CPU = Release|Any CPU
	EndGlobalSection
	GlobalSection(ProjectConfigurationPlatforms) = postSolution
		{53C3AB83-8520-4475-9D56-7CFEFC57FDA0}.Debug|Any CPU.ActiveCfg = Debug|Any CPU
		{53C3AB83-8520-4475-9D56-7CFEFC57FDA0}.Debug|Any CPU.Build.0 = Debug|Any CPU
		{53C3AB83-8520-4475-9D56-7CFEFC57FDA0}.Release|Any CPU.ActiveCfg = Release|Any CPU
		{53C3AB83-8520-4475-9D56-7CFEFC57FDA0}.Release|Any CPU.Build.0 = Release|Any CPU
		{A6B85146-5410-46D5-A9EB-490D1E78E8E6}.Debug|Any CPU.ActiveCfg = Debug|Any CPU
		{A6B85146-5410-46D5-A9EB-490D1E78E8E6}.Debug|Any CPU.Build.0 = Debug|Any CPU
		{A6B85146-5410-46D5-A9EB-490D1E78E8E6}.Release|Any CPU.ActiveCfg = Release|Any CPU
		{A6B85146-5410-46D5-A9EB-490D1E78E8E6}.Release|Any CPU.Build.0 = Release|Any CPU
		{20985D89-DE74-4A7A-8775-74B863FFCBD6}.Debug|Any CPU.ActiveCfg = Debug|Any CPU
		{20985D89-DE74-4A7A-8775-74B863FFCBD6}.Debug|Any CPU.Build.0 = Debug|Any CPU
		{20985D89-DE74-4A7A-8775-74B863FFCBD6}.Release|Any CPU.ActiveCfg = Release|Any CPU
		{20985D89-DE74-4A7A-8775-74B863FFCBD6}.Release|Any CPU.Build.0 = Release|Any CPU
		{8E7D199B-3A70-4225-9C1F-9B3071E6559E}.Debug|Any CPU.ActiveCfg = Debug|Any CPU
		{8E7D199B-3A70-4225-9C1F-9B3071E6559E}.Debug|Any CPU.Build.0 = Debug|Any CPU
		{8E7D199B-3A70-4225-9C1F-9B3071E6559E}.Release|Any CPU.ActiveCfg = Release|Any CPU
		{8E7D199B-3A70-4225-9C1F-9B3071E6559E}.Release|Any CPU.Build.0 = Release|Any CPU
		{5FB33653-4310-4628-8A1C-196B68037D75}.Debug|Any CPU.ActiveCfg = Debug|Any CPU
		{5FB33653-4310-4628-8A1C-196B68037D75}.Debug|Any CPU.Build.0 = Debug|Any CPU
		{5FB33653-4310-4628-8A1C-196B68037D75}.Release|Any CPU.ActiveCfg = Release|Any CPU
		{5FB33653-4310-4628-8A1C-196B68037D75}.Release|Any CPU.Build.0 = Release|Any CPU
		{FCC4E784-9A05-47C1-B538-E0AB2E09EF12}.Debug|Any CPU.ActiveCfg = Debug|Any CPU
		{FCC4E784-9A05-47C1-B538-E0AB2E09EF12}.Debug|Any CPU.Build.0 = Debug|Any CPU
		{FCC4E784-9A05-47C1-B538-E0AB2E09EF12}.Release|Any CPU.ActiveCfg = Release|Any CPU
		{FCC4E784-9A05-47C1-B538-E0AB2E09EF12}.Release|Any CPU.Build.0 = Release|Any CPU
	EndGlobalSection
	GlobalSection(SolutionProperties) = preSolution
		HideSolutionNode = FALSE
	EndGlobalSection
	GlobalSection(ExtensibilityGlobals) = postSolution
		SolutionGuid = {FD107B65-9A01-42EA-BD19-36C23937D6AD}
	EndGlobalSection
EndGlobal
